// !$*UTF8*$!
{
	archiveVersion = 1;
	classes = {
	};
	objectVersion = 56;
	objects = {

/* Begin PBXBuildFile section */
		61403DBF2CCBB30A0052B1DF /* LoginViewController.swift in Sources */ = {isa = PBXBuildFile; fileRef = 61403DBE2CCBB30A0052B1DF /* LoginViewController.swift */; };
		61F20FC92CD36742001140F2 /* DetailVC.swift in Sources */ = {isa = PBXBuildFile; fileRef = 61F20FC72CD36742001140F2 /* DetailVC.swift */; };
		61F20FCA2CD36742001140F2 /* DetailVC.xib in Resources */ = {isa = PBXBuildFile; fileRef = 61F20FC82CD36742001140F2 /* DetailVC.xib */; };
		61F20FCE2CD399CB001140F2 /* NewsDetailModel.swift in Sources */ = {isa = PBXBuildFile; fileRef = 61F20FCD2CD399CB001140F2 /* NewsDetailModel.swift */; };
		61F20FD42CD39BF2001140F2 /* newsdetail.json in Resources */ = {isa = PBXBuildFile; fileRef = 61F20FD32CD39BF2001140F2 /* newsdetail.json */; };
		61F20FDA2CD49DA3001140F2 /* NewsDetailViewModel.swift in Sources */ = {isa = PBXBuildFile; fileRef = 61F20FD92CD49DA3001140F2 /* NewsDetailViewModel.swift */; };
		61F20FE22CD87F72001140F2 /* PieChartCell.swift in Sources */ = {isa = PBXBuildFile; fileRef = 61F20FE02CD87F72001140F2 /* PieChartCell.swift */; };
		61F20FE32CD87F72001140F2 /* PieChartCell.xib in Resources */ = {isa = PBXBuildFile; fileRef = 61F20FE12CD87F72001140F2 /* PieChartCell.xib */; };
		61F20FE72CD87F96001140F2 /* BarChartCell.swift in Sources */ = {isa = PBXBuildFile; fileRef = 61F20FE52CD87F96001140F2 /* BarChartCell.swift */; };
		61F20FE82CD87F96001140F2 /* BarChartCell.xib in Resources */ = {isa = PBXBuildFile; fileRef = 61F20FE62CD87F96001140F2 /* BarChartCell.xib */; };
		66CEE0342CC7900200309879 /* AppDelegate.swift in Sources */ = {isa = PBXBuildFile; fileRef = 66CEE0332CC7900200309879 /* AppDelegate.swift */; };
		66CEE0362CC7900200309879 /* SceneDelegate.swift in Sources */ = {isa = PBXBuildFile; fileRef = 66CEE0352CC7900200309879 /* SceneDelegate.swift */; };
		66CEE0382CC7900200309879 /* ViewController.swift in Sources */ = {isa = PBXBuildFile; fileRef = 66CEE0372CC7900200309879 /* ViewController.swift */; };
		66CEE03B2CC7900200309879 /* Main.storyboard in Resources */ = {isa = PBXBuildFile; fileRef = 66CEE0392CC7900200309879 /* Main.storyboard */; };
		66CEE03D2CC7900800309879 /* Assets.xcassets in Resources */ = {isa = PBXBuildFile; fileRef = 66CEE03C2CC7900800309879 /* Assets.xcassets */; };
		66CEE0402CC7900800309879 /* LaunchScreen.storyboard in Resources */ = {isa = PBXBuildFile; fileRef = 66CEE03E2CC7900800309879 /* LaunchScreen.storyboard */; };
		66CEE04B2CC7900800309879 /* FinWiseTests.swift in Sources */ = {isa = PBXBuildFile; fileRef = 66CEE04A2CC7900800309879 /* FinWiseTests.swift */; };
		66CEE0552CC7900800309879 /* FinWiseUITests.swift in Sources */ = {isa = PBXBuildFile; fileRef = 66CEE0542CC7900800309879 /* FinWiseUITests.swift */; };
		66CEE0572CC7900800309879 /* FinWiseUITestsLaunchTests.swift in Sources */ = {isa = PBXBuildFile; fileRef = 66CEE0562CC7900800309879 /* FinWiseUITestsLaunchTests.swift */; };
		66CEE0652CC7906F00309879 /* Webservice.swift in Sources */ = {isa = PBXBuildFile; fileRef = 66CEE0642CC7906F00309879 /* Webservice.swift */; };
		66CEE0682CC7930400309879 /* FinWiseViewModel.swift in Sources */ = {isa = PBXBuildFile; fileRef = 66CEE0672CC7930400309879 /* FinWiseViewModel.swift */; };
		66CEE0702CC7967800309879 /* TrendsCell.swift in Sources */ = {isa = PBXBuildFile; fileRef = 66CEE06E2CC7967800309879 /* TrendsCell.swift */; };
		66CEE0712CC7967800309879 /* TrendsCell.xib in Resources */ = {isa = PBXBuildFile; fileRef = 66CEE06F2CC7967800309879 /* TrendsCell.xib */; };
		66CEE0742CC796EB00309879 /* FinWiseModel.swift in Sources */ = {isa = PBXBuildFile; fileRef = 66CEE0732CC796EB00309879 /* FinWiseModel.swift */; };
		66CEE0812CC7CB0900309879 /* StockNewsViewModel.swift in Sources */ = {isa = PBXBuildFile; fileRef = 66CEE0802CC7CB0900309879 /* StockNewsViewModel.swift */; };
		66CEE0832CC7CB1E00309879 /* StockNewsModel.swift in Sources */ = {isa = PBXBuildFile; fileRef = 66CEE0822CC7CB1E00309879 /* StockNewsModel.swift */; };
		66CEE0862CC7CB3700309879 /* StockNewsCell.swift in Sources */ = {isa = PBXBuildFile; fileRef = 66CEE0842CC7CB3700309879 /* StockNewsCell.swift */; };
		66CEE0872CC7CB3700309879 /* StockNewsCell.xib in Resources */ = {isa = PBXBuildFile; fileRef = 66CEE0852CC7CB3700309879 /* StockNewsCell.xib */; };
		66CEE08B2CC7CBDA00309879 /* StockNewsWebservice.swift in Sources */ = {isa = PBXBuildFile; fileRef = 66CEE08A2CC7CBDA00309879 /* StockNewsWebservice.swift */; };
		66CEE08E2CC7D2E100309879 /* SDWebImage in Frameworks */ = {isa = PBXBuildFile; productRef = 66CEE08D2CC7D2E100309879 /* SDWebImage */; };
		66CEE0912CC8CF1200309879 /* StockTimeSeriesCell.swift in Sources */ = {isa = PBXBuildFile; fileRef = 66CEE08F2CC8CF1200309879 /* StockTimeSeriesCell.swift */; };
		66CEE0922CC8CF1200309879 /* StockTimeSeriesCell.xib in Resources */ = {isa = PBXBuildFile; fileRef = 66CEE0902CC8CF1200309879 /* StockTimeSeriesCell.xib */; };
		66CEE0962CC8D1AE00309879 /* StockTimeSeriesModel.swift in Sources */ = {isa = PBXBuildFile; fileRef = 66CEE0952CC8D1AE00309879 /* StockTimeSeriesModel.swift */; };
		66CEE0982CC8D1C500309879 /* StockTimeSeriesWebservice.swift in Sources */ = {isa = PBXBuildFile; fileRef = 66CEE0972CC8D1C500309879 /* StockTimeSeriesWebservice.swift */; };
		66CEE09B2CC8D3D300309879 /* StockTimeSeriesViewModel.swift in Sources */ = {isa = PBXBuildFile; fileRef = 66CEE09A2CC8D3D300309879 /* StockTimeSeriesViewModel.swift */; };
		66CEE09E2CC8DB9200309879 /* DGCharts in Frameworks */ = {isa = PBXBuildFile; productRef = 66CEE09D2CC8DB9200309879 /* DGCharts */; };
/* End PBXBuildFile section */

/* Begin PBXContainerItemProxy section */
		66CEE0472CC7900800309879 /* PBXContainerItemProxy */ = {
			isa = PBXContainerItemProxy;
			containerPortal = 66CEE0282CC7900200309879 /* Project object */;
			proxyType = 1;
			remoteGlobalIDString = 66CEE02F2CC7900200309879;
			remoteInfo = FinWise;
		};
		66CEE0512CC7900800309879 /* PBXContainerItemProxy */ = {
			isa = PBXContainerItemProxy;
			containerPortal = 66CEE0282CC7900200309879 /* Project object */;
			proxyType = 1;
			remoteGlobalIDString = 66CEE02F2CC7900200309879;
			remoteInfo = FinWise;
		};
/* End PBXContainerItemProxy section */

/* Begin PBXFileReference section */
		61403DBE2CCBB30A0052B1DF /* LoginViewController.swift */ = {isa = PBXFileReference; lastKnownFileType = sourcecode.swift; path = LoginViewController.swift; sourceTree = "<group>"; };
		61F20FC72CD36742001140F2 /* DetailVC.swift */ = {isa = PBXFileReference; lastKnownFileType = sourcecode.swift; path = DetailVC.swift; sourceTree = "<group>"; };
		61F20FC82CD36742001140F2 /* DetailVC.xib */ = {isa = PBXFileReference; lastKnownFileType = file.xib; path = DetailVC.xib; sourceTree = "<group>"; };
		61F20FCD2CD399CB001140F2 /* NewsDetailModel.swift */ = {isa = PBXFileReference; lastKnownFileType = sourcecode.swift; path = NewsDetailModel.swift; sourceTree = "<group>"; };
		61F20FD32CD39BF2001140F2 /* newsdetail.json */ = {isa = PBXFileReference; lastKnownFileType = text.json; path = newsdetail.json; sourceTree = "<group>"; };
		61F20FD92CD49DA3001140F2 /* NewsDetailViewModel.swift */ = {isa = PBXFileReference; lastKnownFileType = sourcecode.swift; path = NewsDetailViewModel.swift; sourceTree = "<group>"; };
		61F20FE02CD87F72001140F2 /* PieChartCell.swift */ = {isa = PBXFileReference; lastKnownFileType = sourcecode.swift; path = PieChartCell.swift; sourceTree = "<group>"; };
		61F20FE12CD87F72001140F2 /* PieChartCell.xib */ = {isa = PBXFileReference; lastKnownFileType = file.xib; path = PieChartCell.xib; sourceTree = "<group>"; };
		61F20FE52CD87F96001140F2 /* BarChartCell.swift */ = {isa = PBXFileReference; lastKnownFileType = sourcecode.swift; path = BarChartCell.swift; sourceTree = "<group>"; };
		61F20FE62CD87F96001140F2 /* BarChartCell.xib */ = {isa = PBXFileReference; lastKnownFileType = file.xib; path = BarChartCell.xib; sourceTree = "<group>"; };
		66CEE0302CC7900200309879 /* FinWise.app */ = {isa = PBXFileReference; explicitFileType = wrapper.application; includeInIndex = 0; path = FinWise.app; sourceTree = BUILT_PRODUCTS_DIR; };
		66CEE0332CC7900200309879 /* AppDelegate.swift */ = {isa = PBXFileReference; lastKnownFileType = sourcecode.swift; path = AppDelegate.swift; sourceTree = "<group>"; };
		66CEE0352CC7900200309879 /* SceneDelegate.swift */ = {isa = PBXFileReference; lastKnownFileType = sourcecode.swift; path = SceneDelegate.swift; sourceTree = "<group>"; };
		66CEE0372CC7900200309879 /* ViewController.swift */ = {isa = PBXFileReference; lastKnownFileType = sourcecode.swift; path = ViewController.swift; sourceTree = "<group>"; };
		66CEE03A2CC7900200309879 /* Base */ = {isa = PBXFileReference; lastKnownFileType = file.storyboard; name = Base; path = Base.lproj/Main.storyboard; sourceTree = "<group>"; };
		66CEE03C2CC7900800309879 /* Assets.xcassets */ = {isa = PBXFileReference; lastKnownFileType = folder.assetcatalog; path = Assets.xcassets; sourceTree = "<group>"; };
		66CEE03F2CC7900800309879 /* Base */ = {isa = PBXFileReference; lastKnownFileType = file.storyboard; name = Base; path = Base.lproj/LaunchScreen.storyboard; sourceTree = "<group>"; };
		66CEE0412CC7900800309879 /* Info.plist */ = {isa = PBXFileReference; lastKnownFileType = text.plist.xml; path = Info.plist; sourceTree = "<group>"; };
		66CEE0462CC7900800309879 /* FinWiseTests.xctest */ = {isa = PBXFileReference; explicitFileType = wrapper.cfbundle; includeInIndex = 0; path = FinWiseTests.xctest; sourceTree = BUILT_PRODUCTS_DIR; };
		66CEE04A2CC7900800309879 /* FinWiseTests.swift */ = {isa = PBXFileReference; lastKnownFileType = sourcecode.swift; path = FinWiseTests.swift; sourceTree = "<group>"; };
		66CEE0502CC7900800309879 /* FinWiseUITests.xctest */ = {isa = PBXFileReference; explicitFileType = wrapper.cfbundle; includeInIndex = 0; path = FinWiseUITests.xctest; sourceTree = BUILT_PRODUCTS_DIR; };
		66CEE0542CC7900800309879 /* FinWiseUITests.swift */ = {isa = PBXFileReference; lastKnownFileType = sourcecode.swift; path = FinWiseUITests.swift; sourceTree = "<group>"; };
		66CEE0562CC7900800309879 /* FinWiseUITestsLaunchTests.swift */ = {isa = PBXFileReference; lastKnownFileType = sourcecode.swift; path = FinWiseUITestsLaunchTests.swift; sourceTree = "<group>"; };
		66CEE0642CC7906F00309879 /* Webservice.swift */ = {isa = PBXFileReference; lastKnownFileType = sourcecode.swift; path = Webservice.swift; sourceTree = "<group>"; };
		66CEE0672CC7930400309879 /* FinWiseViewModel.swift */ = {isa = PBXFileReference; lastKnownFileType = sourcecode.swift; path = FinWiseViewModel.swift; sourceTree = "<group>"; };
		66CEE06E2CC7967800309879 /* TrendsCell.swift */ = {isa = PBXFileReference; lastKnownFileType = sourcecode.swift; path = TrendsCell.swift; sourceTree = "<group>"; };
		66CEE06F2CC7967800309879 /* TrendsCell.xib */ = {isa = PBXFileReference; lastKnownFileType = file.xib; path = TrendsCell.xib; sourceTree = "<group>"; };
		66CEE0732CC796EB00309879 /* FinWiseModel.swift */ = {isa = PBXFileReference; lastKnownFileType = sourcecode.swift; path = FinWiseModel.swift; sourceTree = "<group>"; };
		66CEE0802CC7CB0900309879 /* StockNewsViewModel.swift */ = {isa = PBXFileReference; lastKnownFileType = sourcecode.swift; path = StockNewsViewModel.swift; sourceTree = "<group>"; };
		66CEE0822CC7CB1E00309879 /* StockNewsModel.swift */ = {isa = PBXFileReference; lastKnownFileType = sourcecode.swift; path = StockNewsModel.swift; sourceTree = "<group>"; };
		66CEE0842CC7CB3700309879 /* StockNewsCell.swift */ = {isa = PBXFileReference; lastKnownFileType = sourcecode.swift; path = StockNewsCell.swift; sourceTree = "<group>"; };
		66CEE0852CC7CB3700309879 /* StockNewsCell.xib */ = {isa = PBXFileReference; lastKnownFileType = file.xib; path = StockNewsCell.xib; sourceTree = "<group>"; };
		66CEE08A2CC7CBDA00309879 /* StockNewsWebservice.swift */ = {isa = PBXFileReference; lastKnownFileType = sourcecode.swift; path = StockNewsWebservice.swift; sourceTree = "<group>"; };
		66CEE08F2CC8CF1200309879 /* StockTimeSeriesCell.swift */ = {isa = PBXFileReference; lastKnownFileType = sourcecode.swift; path = StockTimeSeriesCell.swift; sourceTree = "<group>"; };
		66CEE0902CC8CF1200309879 /* StockTimeSeriesCell.xib */ = {isa = PBXFileReference; lastKnownFileType = file.xib; path = StockTimeSeriesCell.xib; sourceTree = "<group>"; };
		66CEE0952CC8D1AE00309879 /* StockTimeSeriesModel.swift */ = {isa = PBXFileReference; lastKnownFileType = sourcecode.swift; path = StockTimeSeriesModel.swift; sourceTree = "<group>"; };
		66CEE0972CC8D1C500309879 /* StockTimeSeriesWebservice.swift */ = {isa = PBXFileReference; lastKnownFileType = sourcecode.swift; path = StockTimeSeriesWebservice.swift; sourceTree = "<group>"; };
		66CEE09A2CC8D3D300309879 /* StockTimeSeriesViewModel.swift */ = {isa = PBXFileReference; lastKnownFileType = sourcecode.swift; path = StockTimeSeriesViewModel.swift; sourceTree = "<group>"; };
/* End PBXFileReference section */

/* Begin PBXFrameworksBuildPhase section */
		66CEE02D2CC7900200309879 /* Frameworks */ = {
			isa = PBXFrameworksBuildPhase;
			buildActionMask = 2147483647;
			files = (
				66CEE09E2CC8DB9200309879 /* DGCharts in Frameworks */,
				66CEE08E2CC7D2E100309879 /* SDWebImage in Frameworks */,
			);
			runOnlyForDeploymentPostprocessing = 0;
		};
		66CEE0432CC7900800309879 /* Frameworks */ = {
			isa = PBXFrameworksBuildPhase;
			buildActionMask = 2147483647;
			files = (
			);
			runOnlyForDeploymentPostprocessing = 0;
		};
		66CEE04D2CC7900800309879 /* Frameworks */ = {
			isa = PBXFrameworksBuildPhase;
			buildActionMask = 2147483647;
			files = (
			);
			runOnlyForDeploymentPostprocessing = 0;
		};
/* End PBXFrameworksBuildPhase section */

/* Begin PBXGroup section */
		61403DBD2CCBB2550052B1DF /* Login */ = {
			isa = PBXGroup;
			children = (
				61403DBE2CCBB30A0052B1DF /* LoginViewController.swift */,
			);
			path = Login;
			sourceTree = "<group>";
		};
		61F20FCB2CD3674F001140F2 /* Detail */ = {
			isa = PBXGroup;
			children = (
				61F20FC72CD36742001140F2 /* DetailVC.swift */,
				61F20FC82CD36742001140F2 /* DetailVC.xib */,
			);
			path = Detail;
			sourceTree = "<group>";
		};
		61F20FCC2CD399B6001140F2 /* News Detail */ = {
			isa = PBXGroup;
			children = (
				61F20FCD2CD399CB001140F2 /* NewsDetailModel.swift */,
			);
			path = "News Detail";
			sourceTree = "<group>";
		};
		61F20FCF2CD39BC5001140F2 /* JSON */ = {
			isa = PBXGroup;
			children = (
				61F20FD52CD39C01001140F2 /* New Detail */,
			);
			path = JSON;
			sourceTree = "<group>";
		};
		61F20FD52CD39C01001140F2 /* New Detail */ = {
			isa = PBXGroup;
			children = (
				61F20FD32CD39BF2001140F2 /* newsdetail.json */,
			);
			path = "New Detail";
			sourceTree = "<group>";
		};
		61F20FD82CD49D92001140F2 /* News Detail */ = {
			isa = PBXGroup;
			children = (
				61F20FD92CD49DA3001140F2 /* NewsDetailViewModel.swift */,
			);
			path = "News Detail";
			sourceTree = "<group>";
		};
		61F20FDB2CD87EF8001140F2 /* Pie Chart Cell */ = {
			isa = PBXGroup;
			children = (
				61F20FE02CD87F72001140F2 /* PieChartCell.swift */,
				61F20FE12CD87F72001140F2 /* PieChartCell.xib */,
			);
			path = "Pie Chart Cell";
			sourceTree = "<group>";
		};
		61F20FE42CD87F80001140F2 /* Bar Chart Cell */ = {
			isa = PBXGroup;
			children = (
				61F20FE52CD87F96001140F2 /* BarChartCell.swift */,
				61F20FE62CD87F96001140F2 /* BarChartCell.xib */,
			);
			path = "Bar Chart Cell";
			sourceTree = "<group>";
		};
		66CEE0272CC7900200309879 = {
			isa = PBXGroup;
			children = (
				66CEE0322CC7900200309879 /* FinWise */,
				66CEE0492CC7900800309879 /* FinWiseTests */,
				66CEE0532CC7900800309879 /* FinWiseUITests */,
				66CEE0312CC7900200309879 /* Products */,
			);
			sourceTree = "<group>";
		};
		66CEE0312CC7900200309879 /* Products */ = {
			isa = PBXGroup;
			children = (
				66CEE0302CC7900200309879 /* FinWise.app */,
				66CEE0462CC7900800309879 /* FinWiseTests.xctest */,
				66CEE0502CC7900800309879 /* FinWiseUITests.xctest */,
			);
			name = Products;
			sourceTree = "<group>";
		};
		66CEE0322CC7900200309879 /* FinWise */ = {
			isa = PBXGroup;
			children = (
				66CEE0692CC7952600309879 /* Application */,
				61F20FCF2CD39BC5001140F2 /* JSON */,
				66CEE0632CC7901200309879 /* Webservice */,
				66CEE0722CC7968F00309879 /* Model */,
				66CEE0662CC792E600309879 /* ViewModel */,
				66CEE06A2CC7962400309879 /* View */,
			);
			path = FinWise;
			sourceTree = "<group>";
		};
		66CEE0492CC7900800309879 /* FinWiseTests */ = {
			isa = PBXGroup;
			children = (
				66CEE04A2CC7900800309879 /* FinWiseTests.swift */,
			);
			path = FinWiseTests;
			sourceTree = "<group>";
		};
		66CEE0532CC7900800309879 /* FinWiseUITests */ = {
			isa = PBXGroup;
			children = (
				66CEE0542CC7900800309879 /* FinWiseUITests.swift */,
				66CEE0562CC7900800309879 /* FinWiseUITestsLaunchTests.swift */,
			);
			path = FinWiseUITests;
			sourceTree = "<group>";
		};
		66CEE0632CC7901200309879 /* Webservice */ = {
			isa = PBXGroup;
			children = (
				66CEE0932CC8D17E00309879 /* Stock Time Series */,
				66CEE0892CC7CBC000309879 /* Stock News */,
				66CEE0882CC7CBB700309879 /* Trends */,
			);
			path = Webservice;
			sourceTree = "<group>";
		};
		66CEE0662CC792E600309879 /* ViewModel */ = {
			isa = PBXGroup;
			children = (
				61F20FD82CD49D92001140F2 /* News Detail */,
				66CEE0992CC8D3BB00309879 /* Stock Time Series */,
				66CEE07E2CC7CA8E00309879 /* Stock News */,
				66CEE07C2CC7CA6700309879 /* Trends */,
			);
			path = ViewModel;
			sourceTree = "<group>";
		};
		66CEE0692CC7952600309879 /* Application */ = {
			isa = PBXGroup;
			children = (
				66CEE0332CC7900200309879 /* AppDelegate.swift */,
				66CEE03C2CC7900800309879 /* Assets.xcassets */,
				66CEE03E2CC7900800309879 /* LaunchScreen.storyboard */,
				66CEE0352CC7900200309879 /* SceneDelegate.swift */,
				66CEE0412CC7900800309879 /* Info.plist */,
			);
			path = Application;
			sourceTree = "<group>";
		};
		66CEE06A2CC7962400309879 /* View */ = {
			isa = PBXGroup;
			children = (
				61403DBD2CCBB2550052B1DF /* Login */,
				66CEE07D2CC7CA7B00309879 /* Home */,
				61F20FCB2CD3674F001140F2 /* Detail */,
				66CEE06B2CC7963D00309879 /* Cell */,
			);
			path = View;
			sourceTree = "<group>";
		};
		66CEE06B2CC7963D00309879 /* Cell */ = {
			isa = PBXGroup;
			children = (
				61F20FE42CD87F80001140F2 /* Bar Chart Cell */,
				61F20FDB2CD87EF8001140F2 /* Pie Chart Cell */,
				66CEE0782CC7C3DE00309879 /* Stock Time Series */,
				66CEE0762CC7C3C300309879 /* Stock News */,
				66CEE0752CC7C3B500309879 /* Trends */,
			);
			path = Cell;
			sourceTree = "<group>";
		};
		66CEE0722CC7968F00309879 /* Model */ = {
			isa = PBXGroup;
			children = (
				61F20FCC2CD399B6001140F2 /* News Detail */,
				66CEE0942CC8D19100309879 /* Stock Time Series */,
				66CEE07F2CC7CAE200309879 /* Stock News */,
				66CEE07B2CC7CA0000309879 /* Trends */,
			);
			path = Model;
			sourceTree = "<group>";
		};
		66CEE0752CC7C3B500309879 /* Trends */ = {
			isa = PBXGroup;
			children = (
				66CEE06E2CC7967800309879 /* TrendsCell.swift */,
				66CEE06F2CC7967800309879 /* TrendsCell.xib */,
			);
			path = Trends;
			sourceTree = "<group>";
		};
		66CEE0762CC7C3C300309879 /* Stock News */ = {
			isa = PBXGroup;
			children = (
				66CEE0842CC7CB3700309879 /* StockNewsCell.swift */,
				66CEE0852CC7CB3700309879 /* StockNewsCell.xib */,
			);
			path = "Stock News";
			sourceTree = "<group>";
		};
		66CEE0782CC7C3DE00309879 /* Stock Time Series */ = {
			isa = PBXGroup;
			children = (
				66CEE08F2CC8CF1200309879 /* StockTimeSeriesCell.swift */,
				66CEE0902CC8CF1200309879 /* StockTimeSeriesCell.xib */,
			);
			path = "Stock Time Series";
			sourceTree = "<group>";
		};
		66CEE07B2CC7CA0000309879 /* Trends */ = {
			isa = PBXGroup;
			children = (
				66CEE0732CC796EB00309879 /* FinWiseModel.swift */,
			);
			path = Trends;
			sourceTree = "<group>";
		};
		66CEE07C2CC7CA6700309879 /* Trends */ = {
			isa = PBXGroup;
			children = (
				66CEE0672CC7930400309879 /* FinWiseViewModel.swift */,
			);
			path = Trends;
			sourceTree = "<group>";
		};
		66CEE07D2CC7CA7B00309879 /* Home */ = {
			isa = PBXGroup;
			children = (
				66CEE0372CC7900200309879 /* ViewController.swift */,
				66CEE0392CC7900200309879 /* Main.storyboard */,
			);
			path = Home;
			sourceTree = "<group>";
		};
		66CEE07E2CC7CA8E00309879 /* Stock News */ = {
			isa = PBXGroup;
			children = (
				66CEE0802CC7CB0900309879 /* StockNewsViewModel.swift */,
			);
			path = "Stock News";
			sourceTree = "<group>";
		};
		66CEE07F2CC7CAE200309879 /* Stock News */ = {
			isa = PBXGroup;
			children = (
				66CEE0822CC7CB1E00309879 /* StockNewsModel.swift */,
			);
			path = "Stock News";
			sourceTree = "<group>";
		};
		66CEE0882CC7CBB700309879 /* Trends */ = {
			isa = PBXGroup;
			children = (
				66CEE0642CC7906F00309879 /* Webservice.swift */,
			);
			path = Trends;
			sourceTree = "<group>";
		};
		66CEE0892CC7CBC000309879 /* Stock News */ = {
			isa = PBXGroup;
			children = (
				66CEE08A2CC7CBDA00309879 /* StockNewsWebservice.swift */,
			);
			path = "Stock News";
			sourceTree = "<group>";
		};
		66CEE0932CC8D17E00309879 /* Stock Time Series */ = {
			isa = PBXGroup;
			children = (
				66CEE0972CC8D1C500309879 /* StockTimeSeriesWebservice.swift */,
			);
			path = "Stock Time Series";
			sourceTree = "<group>";
		};
		66CEE0942CC8D19100309879 /* Stock Time Series */ = {
			isa = PBXGroup;
			children = (
				66CEE0952CC8D1AE00309879 /* StockTimeSeriesModel.swift */,
			);
			path = "Stock Time Series";
			sourceTree = "<group>";
		};
		66CEE0992CC8D3BB00309879 /* Stock Time Series */ = {
			isa = PBXGroup;
			children = (
				66CEE09A2CC8D3D300309879 /* StockTimeSeriesViewModel.swift */,
			);
			path = "Stock Time Series";
			sourceTree = "<group>";
		};
/* End PBXGroup section */

/* Begin PBXNativeTarget section */
		66CEE02F2CC7900200309879 /* FinWise */ = {
			isa = PBXNativeTarget;
			buildConfigurationList = 66CEE05A2CC7900800309879 /* Build configuration list for PBXNativeTarget "FinWise" */;
			buildPhases = (
				66CEE02C2CC7900200309879 /* Sources */,
				66CEE02D2CC7900200309879 /* Frameworks */,
				66CEE02E2CC7900200309879 /* Resources */,
			);
			buildRules = (
			);
			dependencies = (
			);
			name = FinWise;
			packageProductDependencies = (
				66CEE08D2CC7D2E100309879 /* SDWebImage */,
				66CEE09D2CC8DB9200309879 /* DGCharts */,
			);
			productName = FinWise;
			productReference = 66CEE0302CC7900200309879 /* FinWise.app */;
			productType = "com.apple.product-type.application";
		};
		66CEE0452CC7900800309879 /* FinWiseTests */ = {
			isa = PBXNativeTarget;
			buildConfigurationList = 66CEE05D2CC7900800309879 /* Build configuration list for PBXNativeTarget "FinWiseTests" */;
			buildPhases = (
				66CEE0422CC7900800309879 /* Sources */,
				66CEE0432CC7900800309879 /* Frameworks */,
				66CEE0442CC7900800309879 /* Resources */,
			);
			buildRules = (
			);
			dependencies = (
				66CEE0482CC7900800309879 /* PBXTargetDependency */,
			);
			name = FinWiseTests;
			productName = FinWiseTests;
			productReference = 66CEE0462CC7900800309879 /* FinWiseTests.xctest */;
			productType = "com.apple.product-type.bundle.unit-test";
		};
		66CEE04F2CC7900800309879 /* FinWiseUITests */ = {
			isa = PBXNativeTarget;
			buildConfigurationList = 66CEE0602CC7900800309879 /* Build configuration list for PBXNativeTarget "FinWiseUITests" */;
			buildPhases = (
				66CEE04C2CC7900800309879 /* Sources */,
				66CEE04D2CC7900800309879 /* Frameworks */,
				66CEE04E2CC7900800309879 /* Resources */,
			);
			buildRules = (
			);
			dependencies = (
				66CEE0522CC7900800309879 /* PBXTargetDependency */,
			);
			name = FinWiseUITests;
			productName = FinWiseUITests;
			productReference = 66CEE0502CC7900800309879 /* FinWiseUITests.xctest */;
			productType = "com.apple.product-type.bundle.ui-testing";
		};
/* End PBXNativeTarget section */

/* Begin PBXProject section */
		66CEE0282CC7900200309879 /* Project object */ = {
			isa = PBXProject;
			attributes = {
				BuildIndependentTargetsInParallel = 1;
				LastSwiftUpdateCheck = 1520;
				LastUpgradeCheck = 1520;
				TargetAttributes = {
					66CEE02F2CC7900200309879 = {
						CreatedOnToolsVersion = 15.2;
					};
					66CEE0452CC7900800309879 = {
						CreatedOnToolsVersion = 15.2;
						TestTargetID = 66CEE02F2CC7900200309879;
					};
					66CEE04F2CC7900800309879 = {
						CreatedOnToolsVersion = 15.2;
						TestTargetID = 66CEE02F2CC7900200309879;
					};
				};
			};
			buildConfigurationList = 66CEE02B2CC7900200309879 /* Build configuration list for PBXProject "FinWise" */;
			compatibilityVersion = "Xcode 14.0";
			developmentRegion = en;
			hasScannedForEncodings = 0;
			knownRegions = (
				en,
				Base,
			);
			mainGroup = 66CEE0272CC7900200309879;
			packageReferences = (
				66CEE08C2CC7D2E100309879 /* XCRemoteSwiftPackageReference "SDWebImage" */,
				66CEE09C2CC8DB9200309879 /* XCRemoteSwiftPackageReference "Charts" */,
			);
			productRefGroup = 66CEE0312CC7900200309879 /* Products */;
			projectDirPath = "";
			projectRoot = "";
			targets = (
				66CEE02F2CC7900200309879 /* FinWise */,
				66CEE0452CC7900800309879 /* FinWiseTests */,
				66CEE04F2CC7900800309879 /* FinWiseUITests */,
			);
		};
/* End PBXProject section */

/* Begin PBXResourcesBuildPhase section */
		66CEE02E2CC7900200309879 /* Resources */ = {
			isa = PBXResourcesBuildPhase;
			buildActionMask = 2147483647;
			files = (
				66CEE0922CC8CF1200309879 /* StockTimeSeriesCell.xib in Resources */,
				61F20FE32CD87F72001140F2 /* PieChartCell.xib in Resources */,
				66CEE0402CC7900800309879 /* LaunchScreen.storyboard in Resources */,
				66CEE03D2CC7900800309879 /* Assets.xcassets in Resources */,
				61F20FCA2CD36742001140F2 /* DetailVC.xib in Resources */,
				66CEE03B2CC7900200309879 /* Main.storyboard in Resources */,
				66CEE0872CC7CB3700309879 /* StockNewsCell.xib in Resources */,
				66CEE0712CC7967800309879 /* TrendsCell.xib in Resources */,
				61F20FE82CD87F96001140F2 /* BarChartCell.xib in Resources */,
				61F20FD42CD39BF2001140F2 /* newsdetail.json in Resources */,
			);
			runOnlyForDeploymentPostprocessing = 0;
		};
		66CEE0442CC7900800309879 /* Resources */ = {
			isa = PBXResourcesBuildPhase;
			buildActionMask = 2147483647;
			files = (
			);
			runOnlyForDeploymentPostprocessing = 0;
		};
		66CEE04E2CC7900800309879 /* Resources */ = {
			isa = PBXResourcesBuildPhase;
			buildActionMask = 2147483647;
			files = (
			);
			runOnlyForDeploymentPostprocessing = 0;
		};
/* End PBXResourcesBuildPhase section */

/* Begin PBXSourcesBuildPhase section */
		66CEE02C2CC7900200309879 /* Sources */ = {
			isa = PBXSourcesBuildPhase;
			buildActionMask = 2147483647;
			files = (
				66CEE0812CC7CB0900309879 /* StockNewsViewModel.swift in Sources */,
				66CEE0382CC7900200309879 /* ViewController.swift in Sources */,
				66CEE0962CC8D1AE00309879 /* StockTimeSeriesModel.swift in Sources */,
				66CEE09B2CC8D3D300309879 /* StockTimeSeriesViewModel.swift in Sources */,
				61F20FE72CD87F96001140F2 /* BarChartCell.swift in Sources */,
				61F20FC92CD36742001140F2 /* DetailVC.swift in Sources */,
				61F20FE22CD87F72001140F2 /* PieChartCell.swift in Sources */,
				66CEE0912CC8CF1200309879 /* StockTimeSeriesCell.swift in Sources */,
				66CEE0832CC7CB1E00309879 /* StockNewsModel.swift in Sources */,
				66CEE0342CC7900200309879 /* AppDelegate.swift in Sources */,
				66CEE0652CC7906F00309879 /* Webservice.swift in Sources */,
				66CEE0742CC796EB00309879 /* FinWiseModel.swift in Sources */,
				66CEE0682CC7930400309879 /* FinWiseViewModel.swift in Sources */,
				66CEE0982CC8D1C500309879 /* StockTimeSeriesWebservice.swift in Sources */,
				66CEE0362CC7900200309879 /* SceneDelegate.swift in Sources */,
				61F20FDA2CD49DA3001140F2 /* NewsDetailViewModel.swift in Sources */,
				61F20FCE2CD399CB001140F2 /* NewsDetailModel.swift in Sources */,
				61403DBF2CCBB30A0052B1DF /* LoginViewController.swift in Sources */,
				66CEE08B2CC7CBDA00309879 /* StockNewsWebservice.swift in Sources */,
				66CEE0702CC7967800309879 /* TrendsCell.swift in Sources */,
				66CEE0862CC7CB3700309879 /* StockNewsCell.swift in Sources */,
			);
			runOnlyForDeploymentPostprocessing = 0;
		};
		66CEE0422CC7900800309879 /* Sources */ = {
			isa = PBXSourcesBuildPhase;
			buildActionMask = 2147483647;
			files = (
				66CEE04B2CC7900800309879 /* FinWiseTests.swift in Sources */,
			);
			runOnlyForDeploymentPostprocessing = 0;
		};
		66CEE04C2CC7900800309879 /* Sources */ = {
			isa = PBXSourcesBuildPhase;
			buildActionMask = 2147483647;
			files = (
				66CEE0572CC7900800309879 /* FinWiseUITestsLaunchTests.swift in Sources */,
				66CEE0552CC7900800309879 /* FinWiseUITests.swift in Sources */,
			);
			runOnlyForDeploymentPostprocessing = 0;
		};
/* End PBXSourcesBuildPhase section */

/* Begin PBXTargetDependency section */
		66CEE0482CC7900800309879 /* PBXTargetDependency */ = {
			isa = PBXTargetDependency;
			target = 66CEE02F2CC7900200309879 /* FinWise */;
			targetProxy = 66CEE0472CC7900800309879 /* PBXContainerItemProxy */;
		};
		66CEE0522CC7900800309879 /* PBXTargetDependency */ = {
			isa = PBXTargetDependency;
			target = 66CEE02F2CC7900200309879 /* FinWise */;
			targetProxy = 66CEE0512CC7900800309879 /* PBXContainerItemProxy */;
		};
/* End PBXTargetDependency section */

/* Begin PBXVariantGroup section */
		66CEE0392CC7900200309879 /* Main.storyboard */ = {
			isa = PBXVariantGroup;
			children = (
				66CEE03A2CC7900200309879 /* Base */,
			);
			name = Main.storyboard;
			sourceTree = "<group>";
		};
		66CEE03E2CC7900800309879 /* LaunchScreen.storyboard */ = {
			isa = PBXVariantGroup;
			children = (
				66CEE03F2CC7900800309879 /* Base */,
			);
			name = LaunchScreen.storyboard;
			sourceTree = "<group>";
		};
/* End PBXVariantGroup section */

/* Begin XCBuildConfiguration section */
		66CEE0582CC7900800309879 /* Debug */ = {
			isa = XCBuildConfiguration;
			buildSettings = {
				ALWAYS_SEARCH_USER_PATHS = NO;
				ASSETCATALOG_COMPILER_GENERATE_SWIFT_ASSET_SYMBOL_EXTENSIONS = YES;
				CLANG_ANALYZER_NONNULL = YES;
				CLANG_ANALYZER_NUMBER_OBJECT_CONVERSION = YES_AGGRESSIVE;
				CLANG_CXX_LANGUAGE_STANDARD = "gnu++20";
				CLANG_ENABLE_MODULES = YES;
				CLANG_ENABLE_OBJC_ARC = YES;
				CLANG_ENABLE_OBJC_WEAK = YES;
				CLANG_WARN_BLOCK_CAPTURE_AUTORELEASING = YES;
				CLANG_WARN_BOOL_CONVERSION = YES;
				CLANG_WARN_COMMA = YES;
				CLANG_WARN_CONSTANT_CONVERSION = YES;
				CLANG_WARN_DEPRECATED_OBJC_IMPLEMENTATIONS = YES;
				CLANG_WARN_DIRECT_OBJC_ISA_USAGE = YES_ERROR;
				CLANG_WARN_DOCUMENTATION_COMMENTS = YES;
				CLANG_WARN_EMPTY_BODY = YES;
				CLANG_WARN_ENUM_CONVERSION = YES;
				CLANG_WARN_INFINITE_RECURSION = YES;
				CLANG_WARN_INT_CONVERSION = YES;
				CLANG_WARN_NON_LITERAL_NULL_CONVERSION = YES;
				CLANG_WARN_OBJC_IMPLICIT_RETAIN_SELF = YES;
				CLANG_WARN_OBJC_LITERAL_CONVERSION = YES;
				CLANG_WARN_OBJC_ROOT_CLASS = YES_ERROR;
				CLANG_WARN_QUOTED_INCLUDE_IN_FRAMEWORK_HEADER = YES;
				CLANG_WARN_RANGE_LOOP_ANALYSIS = YES;
				CLANG_WARN_STRICT_PROTOTYPES = YES;
				CLANG_WARN_SUSPICIOUS_MOVE = YES;
				CLANG_WARN_UNGUARDED_AVAILABILITY = YES_AGGRESSIVE;
				CLANG_WARN_UNREACHABLE_CODE = YES;
				CLANG_WARN__DUPLICATE_METHOD_MATCH = YES;
				COPY_PHASE_STRIP = NO;
				DEBUG_INFORMATION_FORMAT = dwarf;
				ENABLE_STRICT_OBJC_MSGSEND = YES;
				ENABLE_TESTABILITY = YES;
				ENABLE_USER_SCRIPT_SANDBOXING = YES;
				GCC_C_LANGUAGE_STANDARD = gnu17;
				GCC_DYNAMIC_NO_PIC = NO;
				GCC_NO_COMMON_BLOCKS = YES;
				GCC_OPTIMIZATION_LEVEL = 0;
				GCC_PREPROCESSOR_DEFINITIONS = (
					"DEBUG=1",
					"$(inherited)",
				);
				GCC_WARN_64_TO_32_BIT_CONVERSION = YES;
				GCC_WARN_ABOUT_RETURN_TYPE = YES_ERROR;
				GCC_WARN_UNDECLARED_SELECTOR = YES;
				GCC_WARN_UNINITIALIZED_AUTOS = YES_AGGRESSIVE;
				GCC_WARN_UNUSED_FUNCTION = YES;
				GCC_WARN_UNUSED_VARIABLE = YES;
				IPHONEOS_DEPLOYMENT_TARGET = 17.2;
				LOCALIZATION_PREFERS_STRING_CATALOGS = YES;
				MTL_ENABLE_DEBUG_INFO = INCLUDE_SOURCE;
				MTL_FAST_MATH = YES;
				ONLY_ACTIVE_ARCH = YES;
				SDKROOT = iphoneos;
				SWIFT_ACTIVE_COMPILATION_CONDITIONS = "DEBUG $(inherited)";
				SWIFT_OPTIMIZATION_LEVEL = "-Onone";
			};
			name = Debug;
		};
		66CEE0592CC7900800309879 /* Release */ = {
			isa = XCBuildConfiguration;
			buildSettings = {
				ALWAYS_SEARCH_USER_PATHS = NO;
				ASSETCATALOG_COMPILER_GENERATE_SWIFT_ASSET_SYMBOL_EXTENSIONS = YES;
				CLANG_ANALYZER_NONNULL = YES;
				CLANG_ANALYZER_NUMBER_OBJECT_CONVERSION = YES_AGGRESSIVE;
				CLANG_CXX_LANGUAGE_STANDARD = "gnu++20";
				CLANG_ENABLE_MODULES = YES;
				CLANG_ENABLE_OBJC_ARC = YES;
				CLANG_ENABLE_OBJC_WEAK = YES;
				CLANG_WARN_BLOCK_CAPTURE_AUTORELEASING = YES;
				CLANG_WARN_BOOL_CONVERSION = YES;
				CLANG_WARN_COMMA = YES;
				CLANG_WARN_CONSTANT_CONVERSION = YES;
				CLANG_WARN_DEPRECATED_OBJC_IMPLEMENTATIONS = YES;
				CLANG_WARN_DIRECT_OBJC_ISA_USAGE = YES_ERROR;
				CLANG_WARN_DOCUMENTATION_COMMENTS = YES;
				CLANG_WARN_EMPTY_BODY = YES;
				CLANG_WARN_ENUM_CONVERSION = YES;
				CLANG_WARN_INFINITE_RECURSION = YES;
				CLANG_WARN_INT_CONVERSION = YES;
				CLANG_WARN_NON_LITERAL_NULL_CONVERSION = YES;
				CLANG_WARN_OBJC_IMPLICIT_RETAIN_SELF = YES;
				CLANG_WARN_OBJC_LITERAL_CONVERSION = YES;
				CLANG_WARN_OBJC_ROOT_CLASS = YES_ERROR;
				CLANG_WARN_QUOTED_INCLUDE_IN_FRAMEWORK_HEADER = YES;
				CLANG_WARN_RANGE_LOOP_ANALYSIS = YES;
				CLANG_WARN_STRICT_PROTOTYPES = YES;
				CLANG_WARN_SUSPICIOUS_MOVE = YES;
				CLANG_WARN_UNGUARDED_AVAILABILITY = YES_AGGRESSIVE;
				CLANG_WARN_UNREACHABLE_CODE = YES;
				CLANG_WARN__DUPLICATE_METHOD_MATCH = YES;
				COPY_PHASE_STRIP = NO;
				DEBUG_INFORMATION_FORMAT = "dwarf-with-dsym";
				ENABLE_NS_ASSERTIONS = NO;
				ENABLE_STRICT_OBJC_MSGSEND = YES;
				ENABLE_USER_SCRIPT_SANDBOXING = YES;
				GCC_C_LANGUAGE_STANDARD = gnu17;
				GCC_NO_COMMON_BLOCKS = YES;
				GCC_WARN_64_TO_32_BIT_CONVERSION = YES;
				GCC_WARN_ABOUT_RETURN_TYPE = YES_ERROR;
				GCC_WARN_UNDECLARED_SELECTOR = YES;
				GCC_WARN_UNINITIALIZED_AUTOS = YES_AGGRESSIVE;
				GCC_WARN_UNUSED_FUNCTION = YES;
				GCC_WARN_UNUSED_VARIABLE = YES;
				IPHONEOS_DEPLOYMENT_TARGET = 17.2;
				LOCALIZATION_PREFERS_STRING_CATALOGS = YES;
				MTL_ENABLE_DEBUG_INFO = NO;
				MTL_FAST_MATH = YES;
				SDKROOT = iphoneos;
				SWIFT_COMPILATION_MODE = wholemodule;
				VALIDATE_PRODUCT = YES;
			};
			name = Release;
		};
		66CEE05B2CC7900800309879 /* Debug */ = {
			isa = XCBuildConfiguration;
			buildSettings = {
				ASSETCATALOG_COMPILER_APPICON_NAME = AppIcon;
				ASSETCATALOG_COMPILER_GLOBAL_ACCENT_COLOR_NAME = AccentColor;
				CODE_SIGN_STYLE = Automatic;
				CURRENT_PROJECT_VERSION = 1;
				GENERATE_INFOPLIST_FILE = YES;
				INFOPLIST_FILE = FinWise/Application/Info.plist;
				INFOPLIST_KEY_UIApplicationSupportsIndirectInputEvents = YES;
				INFOPLIST_KEY_UILaunchStoryboardName = LaunchScreen;
				INFOPLIST_KEY_UIMainStoryboardFile = Main;
				INFOPLIST_KEY_UISupportedInterfaceOrientations_iPad = "UIInterfaceOrientationPortrait UIInterfaceOrientationPortraitUpsideDown UIInterfaceOrientationLandscapeLeft UIInterfaceOrientationLandscapeRight";
				INFOPLIST_KEY_UISupportedInterfaceOrientations_iPhone = "UIInterfaceOrientationPortrait UIInterfaceOrientationLandscapeLeft UIInterfaceOrientationLandscapeRight";
				LD_RUNPATH_SEARCH_PATHS = (
					"$(inherited)",
					"@executable_path/Frameworks",
				);
				MARKETING_VERSION = 1.0;
				PRODUCT_BUNDLE_IDENTIFIER = com.iremsever.FinWise;
				PRODUCT_NAME = "$(TARGET_NAME)";
				SWIFT_EMIT_LOC_STRINGS = YES;
				SWIFT_VERSION = 5.0;
				TARGETED_DEVICE_FAMILY = "1,2";
			};
			name = Debug;
		};
		66CEE05C2CC7900800309879 /* Release */ = {
			isa = XCBuildConfiguration;
			buildSettings = {
				ASSETCATALOG_COMPILER_APPICON_NAME = AppIcon;
				ASSETCATALOG_COMPILER_GLOBAL_ACCENT_COLOR_NAME = AccentColor;
				CODE_SIGN_STYLE = Automatic;
				CURRENT_PROJECT_VERSION = 1;
				GENERATE_INFOPLIST_FILE = YES;
				INFOPLIST_FILE = FinWise/Application/Info.plist;
				INFOPLIST_KEY_UIApplicationSupportsIndirectInputEvents = YES;
				INFOPLIST_KEY_UILaunchStoryboardName = LaunchScreen;
				INFOPLIST_KEY_UIMainStoryboardFile = Main;
				INFOPLIST_KEY_UISupportedInterfaceOrientations_iPad = "UIInterfaceOrientationPortrait UIInterfaceOrientationPortraitUpsideDown UIInterfaceOrientationLandscapeLeft UIInterfaceOrientationLandscapeRight";
				INFOPLIST_KEY_UISupportedInterfaceOrientations_iPhone = "UIInterfaceOrientationPortrait UIInterfaceOrientationLandscapeLeft UIInterfaceOrientationLandscapeRight";
				LD_RUNPATH_SEARCH_PATHS = (
					"$(inherited)",
					"@executable_path/Frameworks",
				);
				MARKETING_VERSION = 1.0;
				PRODUCT_BUNDLE_IDENTIFIER = com.iremsever.FinWise;
				PRODUCT_NAME = "$(TARGET_NAME)";
				SWIFT_EMIT_LOC_STRINGS = YES;
				SWIFT_VERSION = 5.0;
				TARGETED_DEVICE_FAMILY = "1,2";
			};
			name = Release;
		};
		66CEE05E2CC7900800309879 /* Debug */ = {
			isa = XCBuildConfiguration;
			buildSettings = {
				ALWAYS_EMBED_SWIFT_STANDARD_LIBRARIES = YES;
				BUNDLE_LOADER = "$(TEST_HOST)";
				CODE_SIGN_STYLE = Automatic;
				CURRENT_PROJECT_VERSION = 1;
				GENERATE_INFOPLIST_FILE = YES;
				IPHONEOS_DEPLOYMENT_TARGET = 17.2;
				MARKETING_VERSION = 1.0;
				PRODUCT_BUNDLE_IDENTIFIER = com.iremsever.FinWiseTests;
				PRODUCT_NAME = "$(TARGET_NAME)";
				SWIFT_EMIT_LOC_STRINGS = NO;
				SWIFT_VERSION = 5.0;
				TARGETED_DEVICE_FAMILY = "1,2";
				TEST_HOST = "$(BUILT_PRODUCTS_DIR)/FinWise.app/$(BUNDLE_EXECUTABLE_FOLDER_PATH)/FinWise";
			};
			name = Debug;
		};
		66CEE05F2CC7900800309879 /* Release */ = {
			isa = XCBuildConfiguration;
			buildSettings = {
				ALWAYS_EMBED_SWIFT_STANDARD_LIBRARIES = YES;
				BUNDLE_LOADER = "$(TEST_HOST)";
				CODE_SIGN_STYLE = Automatic;
				CURRENT_PROJECT_VERSION = 1;
				GENERATE_INFOPLIST_FILE = YES;
				IPHONEOS_DEPLOYMENT_TARGET = 17.2;
				MARKETING_VERSION = 1.0;
				PRODUCT_BUNDLE_IDENTIFIER = com.iremsever.FinWiseTests;
				PRODUCT_NAME = "$(TARGET_NAME)";
				SWIFT_EMIT_LOC_STRINGS = NO;
				SWIFT_VERSION = 5.0;
				TARGETED_DEVICE_FAMILY = "1,2";
				TEST_HOST = "$(BUILT_PRODUCTS_DIR)/FinWise.app/$(BUNDLE_EXECUTABLE_FOLDER_PATH)/FinWise";
			};
			name = Release;
		};
		66CEE0612CC7900800309879 /* Debug */ = {
			isa = XCBuildConfiguration;
			buildSettings = {
				ALWAYS_EMBED_SWIFT_STANDARD_LIBRARIES = YES;
				CODE_SIGN_STYLE = Automatic;
				CURRENT_PROJECT_VERSION = 1;
				GENERATE_INFOPLIST_FILE = YES;
				MARKETING_VERSION = 1.0;
				PRODUCT_BUNDLE_IDENTIFIER = com.iremsever.FinWiseUITests;
				PRODUCT_NAME = "$(TARGET_NAME)";
				SWIFT_EMIT_LOC_STRINGS = NO;
				SWIFT_VERSION = 5.0;
				TARGETED_DEVICE_FAMILY = "1,2";
				TEST_TARGET_NAME = FinWise;
			};
			name = Debug;
		};
		66CEE0622CC7900800309879 /* Release */ = {
			isa = XCBuildConfiguration;
			buildSettings = {
				ALWAYS_EMBED_SWIFT_STANDARD_LIBRARIES = YES;
				CODE_SIGN_STYLE = Automatic;
				CURRENT_PROJECT_VERSION = 1;
				GENERATE_INFOPLIST_FILE = YES;
				MARKETING_VERSION = 1.0;
				PRODUCT_BUNDLE_IDENTIFIER = com.iremsever.FinWiseUITests;
				PRODUCT_NAME = "$(TARGET_NAME)";
				SWIFT_EMIT_LOC_STRINGS = NO;
				SWIFT_VERSION = 5.0;
				TARGETED_DEVICE_FAMILY = "1,2";
				TEST_TARGET_NAME = FinWise;
			};
			name = Release;
		};
/* End XCBuildConfiguration section */

/* Begin XCConfigurationList section */
		66CEE02B2CC7900200309879 /* Build configuration list for PBXProject "FinWise" */ = {
			isa = XCConfigurationList;
			buildConfigurations = (
				66CEE0582CC7900800309879 /* Debug */,
				66CEE0592CC7900800309879 /* Release */,
			);
			defaultConfigurationIsVisible = 0;
			defaultConfigurationName = Release;
		};
		66CEE05A2CC7900800309879 /* Build configuration list for PBXNativeTarget "FinWise" */ = {
			isa = XCConfigurationList;
			buildConfigurations = (
				66CEE05B2CC7900800309879 /* Debug */,
				66CEE05C2CC7900800309879 /* Release */,
			);
			defaultConfigurationIsVisible = 0;
			defaultConfigurationName = Release;
		};
		66CEE05D2CC7900800309879 /* Build configuration list for PBXNativeTarget "FinWiseTests" */ = {
			isa = XCConfigurationList;
			buildConfigurations = (
				66CEE05E2CC7900800309879 /* Debug */,
				66CEE05F2CC7900800309879 /* Release */,
			);
			defaultConfigurationIsVisible = 0;
			defaultConfigurationName = Release;
		};
		66CEE0602CC7900800309879 /* Build configuration list for PBXNativeTarget "FinWiseUITests" */ = {
			isa = XCConfigurationList;
			buildConfigurations = (
				66CEE0612CC7900800309879 /* Debug */,
				66CEE0622CC7900800309879 /* Release */,
			);
			defaultConfigurationIsVisible = 0;
			defaultConfigurationName = Release;
		};
/* End XCConfigurationList section */

/* Begin XCRemoteSwiftPackageReference section */
		66CEE08C2CC7D2E100309879 /* XCRemoteSwiftPackageReference "SDWebImage" */ = {
			isa = XCRemoteSwiftPackageReference;
			repositoryURL = "https://github.com/SDWebImage/SDWebImage";
			requirement = {
				kind = upToNextMajorVersion;
				minimumVersion = 5.19.7;
			};
		};
		66CEE09C2CC8DB9200309879 /* XCRemoteSwiftPackageReference "Charts" */ = {
			isa = XCRemoteSwiftPackageReference;
			repositoryURL = "https://github.com/ChartsOrg/Charts";
			requirement = {
				kind = upToNextMajorVersion;
				minimumVersion = 5.1.0;
			};
		};
/* End XCRemoteSwiftPackageReference section */

/* Begin XCSwiftPackageProductDependency section */
		66CEE08D2CC7D2E100309879 /* SDWebImage */ = {
			isa = XCSwiftPackageProductDependency;
			package = 66CEE08C2CC7D2E100309879 /* XCRemoteSwiftPackageReference "SDWebImage" */;
			productName = SDWebImage;
		};
		66CEE09D2CC8DB9200309879 /* DGCharts */ = {
			isa = XCSwiftPackageProductDependency;
			package = 66CEE09C2CC8DB9200309879 /* XCRemoteSwiftPackageReference "Charts" */;
			productName = DGCharts;
		};
/* End XCSwiftPackageProductDependency section */
	};
	rootObject = 66CEE0282CC7900200309879 /* Project object */;
}
